<?xml version="1.0" encoding="utf-8"?>
<Project ToolsVersion="4.0" xmlns="http://schemas.microsoft.com/developer/msbuild/2003">
  <ItemGroup>
    <ClCompile Include="source\Audio\AudioSystem.cpp" />
    <ClCompile Include="source\Debug\AssertException.cpp" />
    <ClCompile Include="source\Debug\LogException.cpp" />
    <ClCompile Include="source\Debug\Logger.cpp" />
    <ClCompile Include="source\ECS\ECS_Systems.cpp" />
    <ClCompile Include="source\ECS\ECS.cpp" />
    <ClCompile Include="source\GameState\GameState.cpp" />
    <ClCompile Include="source\GameState\GameStateManager.cpp" />
    <ClCompile Include="source\GameState\Scene.cpp" />
    <ClCompile Include="source\Graphics\Camera_Input.cpp" />
    <ClCompile Include="source\Graphics\GraphicsSystem.cpp" />
    <ClCompile Include="source\Multithread.cpp" />
    <ClCompile Include="source\Object\ObjectFactory.cpp" />
    <ClCompile Include="source\Physics\PhysicsSystem.cpp" />
    <ClCompile Include="source\Physics\PhysX.cpp" />
    <ClCompile Include="source\Serialization\Serialization.cpp" />
    <ClCompile Include="source\Debug\EnginePerformance.cpp" />
    <ClCompile Include="source\Physics\Accumulator.cpp" />
    <ClCompile Include="source\Input\Input.cpp" />
    <ClCompile Include="source\Input\InputMapSystem.cpp" />
  </ItemGroup>
  <ItemGroup>
    <ClInclude Include="include\Audio\AudioSystem.h" />
    <ClInclude Include="include\Audio\AudioType.h" />
    <ClInclude Include="include\Debug\AssertException.h" />
    <ClInclude Include="include\Debug\Asserts.h" />
    <ClInclude Include="include\Debug\LogException.h" />
    <ClInclude Include="include\Debug\Logger.h" />
    <ClInclude Include="include\ECS\ECS.h" />
    <ClInclude Include="include\ECS\ECS_Components.h" />
    <ClInclude Include="include\ECS\ECS_Systems.h" />
    <ClInclude Include="include\ECS\Prefab.h" />
    <ClInclude Include="include\ECS\Tags.h" />
    <ClInclude Include="include\GameState\GameState.h" />
    <ClInclude Include="include\GameState\GameStateManager.h" />
    <ClInclude Include="include\GameState\Scene.h" />
    <ClInclude Include="include\Graphics\Camera_Input.h" />
    <ClInclude Include="include\Graphics\GraphicsSystem.h" />
    <ClInclude Include="include\Multithread.h" />
    <ClInclude Include="include\Physics\PhysicsTypes.h" />
    <ClInclude Include="include\Physics\PhysicsSystem.h" />
    <ClInclude Include="include\Physics\PhysX.h" />
    <ClInclude Include="include\Serialization\Serialization.h" />
    <ClInclude Include="include\Object\ObjectFactory.h" />
    <ClInclude Include="include\Debug\EnginePerformance.h" />
    <ClInclude Include="include\Physics\Accumulator.h" />
    <ClInclude Include="include\ECS\EnumStrings.h" />
    <ClInclude Include="..\..\..\..\..\Desktop\300\300\_ENGINE\include\Input\KeyBind.h" />
    <ClInclude Include="..\..\..\..\..\Desktop\300\300\_ENGINE\include\Input\Input.h" />
    <ClInclude Include="..\..\..\..\..\Desktop\300\300\_ENGINE\include\Input\InputAction.h" />
    <ClInclude Include="..\..\..\..\..\Desktop\300\300\_ENGINE\include\Input\InputActionMap.h" />
    <ClInclude Include="..\..\..\..\..\Desktop\300\300\_ENGINE\include\Input\InputMapSystem.h" />
    <ClInclude Include="include\Input\Input.h" />
    <ClInclude Include="include\Input\InputMapSystem.h" />
  </ItemGroup>
</Project>