
Microsoft Visual Studio Solution File, Format Version 11.00
# Visual Studio 15
Project("{8BC9CEB8-8B4A-11D0-8D11-00A0C91BC942}") = "3d", "3d.vcxproj", "{BD903A24-A5F8-458F-8A1B-5639B1CF22C0}"
EndProject
Project("{8BC9CEB8-8B4A-11D0-8D11-00A0C91BC942}") = "3d_multi", "3d_multi.vcxproj", "{00C44CE6-D704-4DB8-AC21-3601BC3A742B}"
EndProject
Project("{8BC9CEB8-8B4A-11D0-8D11-00A0C91BC942}") = "event_parameter", "event_parameter.vcxproj", "{6B78BA1C-986D-49D3-800A-ECF95F0ABEEF}"
EndProject
Project("{8BC9CEB8-8B4A-11D0-8D11-00A0C91BC942}") = "load_banks", "load_banks.vcxproj", "{AF8B512D-6E32-425A-B2FD-D360AEA8BF27}"
EndProject
Project("{8BC9CEB8-8B4A-11D0-8D11-00A0C91BC942}") = "music_callbacks", "music_callbacks.vcxproj", "{2975E5C1-F642-468D-9840-4947D8C29BCC}"
EndProject
Project("{8BC9CEB8-8B4A-11D0-8D11-00A0C91BC942}") = "objectpan", "objectpan.vcxproj", "{734A461E-0660-4207-A02B-7BE47D11A202}"
EndProject
Project("{8BC9CEB8-8B4A-11D0-8D11-00A0C91BC942}") = "programmer_sound", "programmer_sound.vcxproj", "{F707E7B7-59C1-4BC4-8378-0981D3596404}"
EndProject
Project("{8BC9CEB8-8B4A-11D0-8D11-00A0C91BC942}") = "recording_playback", "recording_playback.vcxproj", "{7FB16466-9CDB-4BD6-B74B-1BE77B65F7FA}"
EndProject
Project("{8BC9CEB8-8B4A-11D0-8D11-00A0C91BC942}") = "simple_event", "simple_event.vcxproj", "{D6A1D57E-1A4C-4E7F-B5A3-9719FD900315}"
EndProject
Global
	GlobalSection(SolutionConfigurationPlatforms) = preSolution
		Debug|Win32 = Debug|Win32
		Debug|x64 = Debug|x64
		Release|Win32 = Release|Win32
		Release|x64 = Release|x64
	EndGlobalSection
	GlobalSection(ProjectConfigurationPlatforms) = postSolution
		{BD903A24-A5F8-458F-8A1B-5639B1CF22C0}.Debug|Win32.ActiveCfg = Debug|Win32
		{BD903A24-A5F8-458F-8A1B-5639B1CF22C0}.Debug|Win32.Build.0 = Debug|Win32
		{BD903A24-A5F8-458F-8A1B-5639B1CF22C0}.Debug|Win32.Deploy.0 = Debug|Win32
		{BD903A24-A5F8-458F-8A1B-5639B1CF22C0}.Debug|x64.ActiveCfg = Debug|x64
		{BD903A24-A5F8-458F-8A1B-5639B1CF22C0}.Debug|x64.Build.0 = Debug|x64
		{BD903A24-A5F8-458F-8A1B-5639B1CF22C0}.Debug|x64.Deploy.0 = Debug|x64
		{BD903A24-A5F8-458F-8A1B-5639B1CF22C0}.Release|Win32.ActiveCfg = Release|Win32
		{BD903A24-A5F8-458F-8A1B-5639B1CF22C0}.Release|Win32.Build.0 = Release|Win32
		{BD903A24-A5F8-458F-8A1B-5639B1CF22C0}.Release|Win32.Deploy.0 = Release|Win32
		{BD903A24-A5F8-458F-8A1B-5639B1CF22C0}.Release|x64.ActiveCfg = Release|x64
		{BD903A24-A5F8-458F-8A1B-5639B1CF22C0}.Release|x64.Build.0 = Release|x64
		{BD903A24-A5F8-458F-8A1B-5639B1CF22C0}.Release|x64.Deploy.0 = Release|x64
		{00C44CE6-D704-4DB8-AC21-3601BC3A742B}.Debug|Win32.ActiveCfg = Debug|Win32
		{00C44CE6-D704-4DB8-AC21-3601BC3A742B}.Debug|Win32.Build.0 = Debug|Win32
		{00C44CE6-D704-4DB8-AC21-3601BC3A742B}.Debug|Win32.Deploy.0 = Debug|Win32
		{00C44CE6-D704-4DB8-AC21-3601BC3A742B}.Debug|x64.ActiveCfg = Debug|x64
		{00C44CE6-D704-4DB8-AC21-3601BC3A742B}.Debug|x64.Build.0 = Debug|x64
		{00C44CE6-D704-4DB8-AC21-3601BC3A742B}.Debug|x64.Deploy.0 = Debug|x64
		{00C44CE6-D704-4DB8-AC21-3601BC3A742B}.Release|Win32.ActiveCfg = Release|Win32
		{00C44CE6-D704-4DB8-AC21-3601BC3A742B}.Release|Win32.Build.0 = Release|Win32
		{00C44CE6-D704-4DB8-AC21-3601BC3A742B}.Release|Win32.Deploy.0 = Release|Win32
		{00C44CE6-D704-4DB8-AC21-3601BC3A742B}.Release|x64.ActiveCfg = Release|x64
		{00C44CE6-D704-4DB8-AC21-3601BC3A742B}.Release|x64.Build.0 = Release|x64
		{00C44CE6-D704-4DB8-AC21-3601BC3A742B}.Release|x64.Deploy.0 = Release|x64
		{6B78BA1C-986D-49D3-800A-ECF95F0ABEEF}.Debug|Win32.ActiveCfg = Debug|Win32
		{6B78BA1C-986D-49D3-800A-ECF95F0ABEEF}.Debug|Win32.Build.0 = Debug|Win32
		{6B78BA1C-986D-49D3-800A-ECF95F0ABEEF}.Debug|Win32.Deploy.0 = Debug|Win32
		{6B78BA1C-986D-49D3-800A-ECF95F0ABEEF}.Debug|x64.ActiveCfg = Debug|x64
		{6B78BA1C-986D-49D3-800A-ECF95F0ABEEF}.Debug|x64.Build.0 = Debug|x64
		{6B78BA1C-986D-49D3-800A-ECF95F0ABEEF}.Debug|x64.Deploy.0 = Debug|x64
		{6B78BA1C-986D-49D3-800A-ECF95F0ABEEF}.Release|Win32.ActiveCfg = Release|Win32
		{6B78BA1C-986D-49D3-800A-ECF95F0ABEEF}.Release|Win32.Build.0 = Release|Win32
		{6B78BA1C-986D-49D3-800A-ECF95F0ABEEF}.Release|Win32.Deploy.0 = Release|Win32
		{6B78BA1C-986D-49D3-800A-ECF95F0ABEEF}.Release|x64.ActiveCfg = Release|x64
		{6B78BA1C-986D-49D3-800A-ECF95F0ABEEF}.Release|x64.Build.0 = Release|x64
		{6B78BA1C-986D-49D3-800A-ECF95F0ABEEF}.Release|x64.Deploy.0 = Release|x64
		{AF8B512D-6E32-425A-B2FD-D360AEA8BF27}.Debug|Win32.ActiveCfg = Debug|Win32
		{AF8B512D-6E32-425A-B2FD-D360AEA8BF27}.Debug|Win32.Build.0 = Debug|Win32
		{AF8B512D-6E32-425A-B2FD-D360AEA8BF27}.Debug|Win32.Deploy.0 = Debug|Win32
		{AF8B512D-6E32-425A-B2FD-D360AEA8BF27}.Debug|x64.ActiveCfg = Debug|x64
		{AF8B512D-6E32-425A-B2FD-D360AEA8BF27}.Debug|x64.Build.0 = Debug|x64
		{AF8B512D-6E32-425A-B2FD-D360AEA8BF27}.Debug|x64.Deploy.0 = Debug|x64
		{AF8B512D-6E32-425A-B2FD-D360AEA8BF27}.Release|Win32.ActiveCfg = Release|Win32
		{AF8B512D-6E32-425A-B2FD-D360AEA8BF27}.Release|Win32.Build.0 = Release|Win32
		{AF8B512D-6E32-425A-B2FD-D360AEA8BF27}.Release|Win32.Deploy.0 = Release|Win32
		{AF8B512D-6E32-425A-B2FD-D360AEA8BF27}.Release|x64.ActiveCfg = Release|x64
		{AF8B512D-6E32-425A-B2FD-D360AEA8BF27}.Release|x64.Build.0 = Release|x64
		{AF8B512D-6E32-425A-B2FD-D360AEA8BF27}.Release|x64.Deploy.0 = Release|x64
		{2975E5C1-F642-468D-9840-4947D8C29BCC}.Debug|Win32.ActiveCfg = Debug|Win32
		{2975E5C1-F642-468D-9840-4947D8C29BCC}.Debug|Win32.Build.0 = Debug|Win32
		{2975E5C1-F642-468D-9840-4947D8C29BCC}.Debug|Win32.Deploy.0 = Debug|Win32
		{2975E5C1-F642-468D-9840-4947D8C29BCC}.Debug|x64.ActiveCfg = Debug|x64
		{2975E5C1-F642-468D-9840-4947D8C29BCC}.Debug|x64.Build.0 = Debug|x64
		{2975E5C1-F642-468D-9840-4947D8C29BCC}.Debug|x64.Deploy.0 = Debug|x64
		{2975E5C1-F642-468D-9840-4947D8C29BCC}.Release|Win32.ActiveCfg = Release|Win32
		{2975E5C1-F642-468D-9840-4947D8C29BCC}.Release|Win32.Build.0 = Release|Win32
		{2975E5C1-F642-468D-9840-4947D8C29BCC}.Release|Win32.Deploy.0 = Release|Win32
		{2975E5C1-F642-468D-9840-4947D8C29BCC}.Release|x64.ActiveCfg = Release|x64
		{2975E5C1-F642-468D-9840-4947D8C29BCC}.Release|x64.Build.0 = Release|x64
		{2975E5C1-F642-468D-9840-4947D8C29BCC}.Release|x64.Deploy.0 = Release|x64
		{734A461E-0660-4207-A02B-7BE47D11A202}.Debug|Win32.ActiveCfg = Debug|Win32
		{734A461E-0660-4207-A02B-7BE47D11A202}.Debug|Win32.Build.0 = Debug|Win32
		{734A461E-0660-4207-A02B-7BE47D11A202}.Debug|Win32.Deploy.0 = Debug|Win32
		{734A461E-0660-4207-A02B-7BE47D11A202}.Debug|x64.ActiveCfg = Debug|x64
		{734A461E-0660-4207-A02B-7BE47D11A202}.Debug|x64.Build.0 = Debug|x64
		{734A461E-0660-4207-A02B-7BE47D11A202}.Debug|x64.Deploy.0 = Debug|x64
		{734A461E-0660-4207-A02B-7BE47D11A202}.Release|Win32.ActiveCfg = Release|Win32
		{734A461E-0660-4207-A02B-7BE47D11A202}.Release|Win32.Build.0 = Release|Win32
		{734A461E-0660-4207-A02B-7BE47D11A202}.Release|Win32.Deploy.0 = Release|Win32
		{734A461E-0660-4207-A02B-7BE47D11A202}.Release|x64.ActiveCfg = Release|x64
		{734A461E-0660-4207-A02B-7BE47D11A202}.Release|x64.Build.0 = Release|x64
		{734A461E-0660-4207-A02B-7BE47D11A202}.Release|x64.Deploy.0 = Release|x64
		{F707E7B7-59C1-4BC4-8378-0981D3596404}.Debug|Win32.ActiveCfg = Debug|Win32
		{F707E7B7-59C1-4BC4-8378-0981D3596404}.Debug|Win32.Build.0 = Debug|Win32
		{F707E7B7-59C1-4BC4-8378-0981D3596404}.Debug|Win32.Deploy.0 = Debug|Win32
		{F707E7B7-59C1-4BC4-8378-0981D3596404}.Debug|x64.ActiveCfg = Debug|x64
		{F707E7B7-59C1-4BC4-8378-0981D3596404}.Debug|x64.Build.0 = Debug|x64
		{F707E7B7-59C1-4BC4-8378-0981D3596404}.Debug|x64.Deploy.0 = Debug|x64
		{F707E7B7-59C1-4BC4-8378-0981D3596404}.Release|Win32.ActiveCfg = Release|Win32
		{F707E7B7-59C1-4BC4-8378-0981D3596404}.Release|Win32.Build.0 = Release|Win32
		{F707E7B7-59C1-4BC4-8378-0981D3596404}.Release|Win32.Deploy.0 = Release|Win32
		{F707E7B7-59C1-4BC4-8378-0981D3596404}.Release|x64.ActiveCfg = Release|x64
		{F707E7B7-59C1-4BC4-8378-0981D3596404}.Release|x64.Build.0 = Release|x64
		{F707E7B7-59C1-4BC4-8378-0981D3596404}.Release|x64.Deploy.0 = Release|x64
		{7FB16466-9CDB-4BD6-B74B-1BE77B65F7FA}.Debug|Win32.ActiveCfg = Debug|Win32
		{7FB16466-9CDB-4BD6-B74B-1BE77B65F7FA}.Debug|Win32.Build.0 = Debug|Win32
		{7FB16466-9CDB-4BD6-B74B-1BE77B65F7FA}.Debug|Win32.Deploy.0 = Debug|Win32
		{7FB16466-9CDB-4BD6-B74B-1BE77B65F7FA}.Debug|x64.ActiveCfg = Debug|x64
		{7FB16466-9CDB-4BD6-B74B-1BE77B65F7FA}.Debug|x64.Build.0 = Debug|x64
		{7FB16466-9CDB-4BD6-B74B-1BE77B65F7FA}.Debug|x64.Deploy.0 = Debug|x64
		{7FB16466-9CDB-4BD6-B74B-1BE77B65F7FA}.Release|Win32.ActiveCfg = Release|Win32
		{7FB16466-9CDB-4BD6-B74B-1BE77B65F7FA}.Release|Win32.Build.0 = Release|Win32
		{7FB16466-9CDB-4BD6-B74B-1BE77B65F7FA}.Release|Win32.Deploy.0 = Release|Win32
		{7FB16466-9CDB-4BD6-B74B-1BE77B65F7FA}.Release|x64.ActiveCfg = Release|x64
		{7FB16466-9CDB-4BD6-B74B-1BE77B65F7FA}.Release|x64.Build.0 = Release|x64
		{7FB16466-9CDB-4BD6-B74B-1BE77B65F7FA}.Release|x64.Deploy.0 = Release|x64
		{D6A1D57E-1A4C-4E7F-B5A3-9719FD900315}.Debug|Win32.ActiveCfg = Debug|Win32
		{D6A1D57E-1A4C-4E7F-B5A3-9719FD900315}.Debug|Win32.Build.0 = Debug|Win32
		{D6A1D57E-1A4C-4E7F-B5A3-9719FD900315}.Debug|Win32.Deploy.0 = Debug|Win32
		{D6A1D57E-1A4C-4E7F-B5A3-9719FD900315}.Debug|x64.ActiveCfg = Debug|x64
		{D6A1D57E-1A4C-4E7F-B5A3-9719FD900315}.Debug|x64.Build.0 = Debug|x64
		{D6A1D57E-1A4C-4E7F-B5A3-9719FD900315}.Debug|x64.Deploy.0 = Debug|x64
		{D6A1D57E-1A4C-4E7F-B5A3-9719FD900315}.Release|Win32.ActiveCfg = Release|Win32
		{D6A1D57E-1A4C-4E7F-B5A3-9719FD900315}.Release|Win32.Build.0 = Release|Win32
		{D6A1D57E-1A4C-4E7F-B5A3-9719FD900315}.Release|Win32.Deploy.0 = Release|Win32
		{D6A1D57E-1A4C-4E7F-B5A3-9719FD900315}.Release|x64.ActiveCfg = Release|x64
		{D6A1D57E-1A4C-4E7F-B5A3-9719FD900315}.Release|x64.Build.0 = Release|x64
		{D6A1D57E-1A4C-4E7F-B5A3-9719FD900315}.Release|x64.Deploy.0 = Release|x64
	EndGlobalSection
	GlobalSection(SolutionProperties) = preSolution
		HideSolutionNode = FALSE
	EndGlobalSection
EndGlobal
