<?xml version="1.0" encoding="utf-8"?>
<Project ToolsVersion="4.0" xmlns="http://schemas.microsoft.com/developer/msbuild/2003">
  <ItemGroup>
    <ClCompile Include="source\EditorApplication.cpp" />
    <ClCompile Include="source\Editor\ContentBrower.cpp" />
    <ClCompile Include="source\Editor\Editor.cpp" />
    <ClCompile Include="source\Editor\EditorLogger.cpp" />
    <ClCompile Include="source\Editor\Hierarchy.cpp" />
    <ClCompile Include="source\Editor\Inspect.cpp" />
    <ClCompile Include="source\Editor\MenuPanel.cpp" />
    <ClCompile Include="source\Editor\Performance.cpp" />
    <ClCompile Include="source\Editor\PrefabWindow.cpp" />
    <ClCompile Include="source\Editor\SceneWindow.cpp" />
    <ClCompile Include="source\Imgui\imgui.cpp" />
    <ClCompile Include="source\Imgui\ImGuizmo.cpp" />
    <ClCompile Include="source\Imgui\imgui_demo.cpp" />
    <ClCompile Include="source\Imgui\imgui_draw.cpp" />
    <ClCompile Include="source\Imgui\imgui_impl_glfw.cpp" />
    <ClCompile Include="source\Imgui\imgui_impl_opengl3.cpp" />
    <ClCompile Include="source\Imgui\imgui_stdlib.cpp" />
    <ClCompile Include="source\Imgui\imgui_tables.cpp" />
    <ClCompile Include="source\Imgui\imgui_widgets.cpp" />
    <ClCompile Include="source\main.cpp" />
    <ClCompile Include="source\Editor\GameScene.cpp" />
    <ClCompile Include="source\Editor\TabWindow.cpp" />
    <ClCompile Include="source\Editor\Script\Script.cpp" />
    <ClCompile Include="source\Editor\KeybindWindow.cpp" />
    <ClCompile Include="source\Editor\MenuTab.cpp" />
    <ClCompile Include="source\Editor\ShaderCompiler.cpp" />
    <ClCompile Include="source\EditorReflection\EditorReflection.cpp" />
    <ClCompile Include="source\Editor\PathfinderWindow.cpp" />
  </ItemGroup>
  <ItemGroup>
    <ClInclude Include="include\EditorApplication.h" />
    <ClInclude Include="include\Editor\ContentBrower.h" />
    <ClInclude Include="include\Editor\Editor.h" />
    <ClInclude Include="include\Editor\EditorWindow.h" />
    <ClInclude Include="include\Editor\Hierarchy.h" />
    <ClInclude Include="include\Editor\Inspect.h" />
    <ClInclude Include="include\Editor\EditorLogger.h" />
    <ClInclude Include="include\Editor\MenuPanel.h" />
    <ClInclude Include="include\Editor\Performance.h" />
    <ClInclude Include="include\Editor\PrefabWindow.h" />
    <ClInclude Include="include\Editor\SceneWindow.h" />
    <ClInclude Include="source\Imgui\imconfig.h" />
    <ClInclude Include="source\Imgui\imgui.h" />
    <ClInclude Include="source\Imgui\ImGuizmo.h" />
    <ClInclude Include="source\Imgui\imgui_impl_glfw.h" />
    <ClInclude Include="source\Imgui\imgui_impl_opengl3.h" />
    <ClInclude Include="source\Imgui\imgui_impl_opengl3_loader.h" />
    <ClInclude Include="source\Imgui\imgui_internal.h" />
    <ClInclude Include="source\Imgui\imgui_stdlib.h" />
    <ClInclude Include="source\Imgui\imstb_rectpack.h" />
    <ClInclude Include="source\Imgui\imstb_textedit.h" />
    <ClInclude Include="source\Imgui\imstb_truetype.h" />
    <ClInclude Include="include\Editor\GameScene.h" />
    <ClInclude Include="include\Editor\TabWindow.h" />
    <ClInclude Include="include\Editor\Script\Script.h" />
    <ClInclude Include="include\Editor\KeybindWindow.h" />
    <ClInclude Include="include\Editor\MenuTab.h" />
    <ClInclude Include="include\Editor\ShaderCompiler.h" />
    <ClInclude Include="include\EditorReflection\EditorReflection.h" />
    <ClInclude Include="include\Editor\PathfinderWindow.h" />
  </ItemGroup>
</Project>