
Microsoft Visual Studio Solution File, Format Version 12.00
# Visual Studio Version 17
VisualStudioVersion = 17.2.32616.157
MinimumVisualStudioVersion = 10.0.40219.1
Project("{8BC9CEB8-8B4A-11D0-8D11-00A0C91BC942}") = "_APPLICATION", "_APPLICATION\_APPLICATION.vcxproj", "{5C99F04F-09EA-437C-A813-EED5C54F4EED}"
	ProjectSection(ProjectDependencies) = postProject
		{14BB347E-A623-46F1-8291-EE2247044FBA} = {14BB347E-A623-46F1-8291-EE2247044FBA}
		{A3AA807C-3CE6-4265-9987-2441325319ED} = {A3AA807C-3CE6-4265-9987-2441325319ED}
	EndProjectSection
EndProject
Project("{8BC9CEB8-8B4A-11D0-8D11-00A0C91BC942}") = "_TOOLS", "_TOOLS\_TOOLS.vcxproj", "{655833F5-D64E-4500-8A3B-B78FE9598D5B}"
EndProject
Project("{8BC9CEB8-8B4A-11D0-8D11-00A0C91BC942}") = "_ENGINE", "_ENGINE\_ENGINE.vcxproj", "{14BB347E-A623-46F1-8291-EE2247044FBA}"
	ProjectSection(ProjectDependencies) = postProject
		{655833F5-D64E-4500-8A3B-B78FE9598D5B} = {655833F5-D64E-4500-8A3B-B78FE9598D5B}
		{78EF90FE-1763-42EE-A9C2-8648B494C01B} = {78EF90FE-1763-42EE-A9C2-8648B494C01B}
		{C06E2EEF-FD7D-4C28-BDDE-8600882C5709} = {C06E2EEF-FD7D-4C28-BDDE-8600882C5709}
	EndProjectSection
EndProject
Project("{8BC9CEB8-8B4A-11D0-8D11-00A0C91BC942}") = "_SCRIPTING", "_SCRIPTING\_SCRIPTING.vcxproj", "{A3AA807C-3CE6-4265-9987-2441325319ED}"
EndProject
Project("{8BC9CEB8-8B4A-11D0-8D11-00A0C91BC942}") = "_GRAPHICS", "_GRAPHICS\_GRAPHICS.vcxproj", "{78EF90FE-1763-42EE-A9C2-8648B494C01B}"
EndProject
Project("{8BC9CEB8-8B4A-11D0-8D11-00A0C91BC942}") = "_GEOM_COMPILER", "_GEOM_COMPILER\_GEOM_COMPILER.vcxproj", "{8DDD6B4D-060B-4208-99B2-963A21E98EF7}"
EndProject
Project("{8BC9CEB8-8B4A-11D0-8D11-00A0C91BC942}") = "_TEXTURE_COMPRESSOR", "_TEXTURE_COMPRESSOR\_TEXTURE_COMPRESSOR.vcxproj", "{366C2701-3B63-4E8C-8108-F507F23F1518}"
EndProject
Project("{8BC9CEB8-8B4A-11D0-8D11-00A0C91BC942}") = "_EDITOR", "_EDITOR\_EDITOR.vcxproj", "{31C2D874-CF5A-4536-A2ED-196D7FA40065}"
	ProjectSection(ProjectDependencies) = postProject
		{14BB347E-A623-46F1-8291-EE2247044FBA} = {14BB347E-A623-46F1-8291-EE2247044FBA}
		{655833F5-D64E-4500-8A3B-B78FE9598D5B} = {655833F5-D64E-4500-8A3B-B78FE9598D5B}
		{A3AA807C-3CE6-4265-9987-2441325319ED} = {A3AA807C-3CE6-4265-9987-2441325319ED}
	EndProjectSection
EndProject
Project("{8BC9CEB8-8B4A-11D0-8D11-00A0C91BC942}") = "_RESOURCE", "_RESOURCE\_RESOURCE.vcxproj", "{C06E2EEF-FD7D-4C28-BDDE-8600882C5709}"
EndProject
Global
	GlobalSection(SolutionConfigurationPlatforms) = preSolution
		Debug|x64 = Debug|x64
		Debug|x86 = Debug|x86
		Release|x64 = Release|x64
		Release|x86 = Release|x86
	EndGlobalSection
	GlobalSection(ProjectConfigurationPlatforms) = postSolution
		{5C99F04F-09EA-437C-A813-EED5C54F4EED}.Debug|x64.ActiveCfg = Debug|x64
		{5C99F04F-09EA-437C-A813-EED5C54F4EED}.Debug|x64.Build.0 = Debug|x64
		{5C99F04F-09EA-437C-A813-EED5C54F4EED}.Debug|x86.ActiveCfg = Debug|Win32
		{5C99F04F-09EA-437C-A813-EED5C54F4EED}.Debug|x86.Build.0 = Debug|Win32
		{5C99F04F-09EA-437C-A813-EED5C54F4EED}.Release|x64.ActiveCfg = Release|x64
		{5C99F04F-09EA-437C-A813-EED5C54F4EED}.Release|x64.Build.0 = Release|x64
		{5C99F04F-09EA-437C-A813-EED5C54F4EED}.Release|x86.ActiveCfg = Release|Win32
		{5C99F04F-09EA-437C-A813-EED5C54F4EED}.Release|x86.Build.0 = Release|Win32
		{655833F5-D64E-4500-8A3B-B78FE9598D5B}.Debug|x64.ActiveCfg = Debug|x64
		{655833F5-D64E-4500-8A3B-B78FE9598D5B}.Debug|x64.Build.0 = Debug|x64
		{655833F5-D64E-4500-8A3B-B78FE9598D5B}.Debug|x86.ActiveCfg = Debug|Win32
		{655833F5-D64E-4500-8A3B-B78FE9598D5B}.Debug|x86.Build.0 = Debug|Win32
		{655833F5-D64E-4500-8A3B-B78FE9598D5B}.Release|x64.ActiveCfg = Release|x64
		{655833F5-D64E-4500-8A3B-B78FE9598D5B}.Release|x64.Build.0 = Release|x64
		{655833F5-D64E-4500-8A3B-B78FE9598D5B}.Release|x86.ActiveCfg = Release|Win32
		{655833F5-D64E-4500-8A3B-B78FE9598D5B}.Release|x86.Build.0 = Release|Win32
		{14BB347E-A623-46F1-8291-EE2247044FBA}.Debug|x64.ActiveCfg = Debug|x64
		{14BB347E-A623-46F1-8291-EE2247044FBA}.Debug|x64.Build.0 = Debug|x64
		{14BB347E-A623-46F1-8291-EE2247044FBA}.Debug|x86.ActiveCfg = Debug|Win32
		{14BB347E-A623-46F1-8291-EE2247044FBA}.Debug|x86.Build.0 = Debug|Win32
		{14BB347E-A623-46F1-8291-EE2247044FBA}.Release|x64.ActiveCfg = Release|x64
		{14BB347E-A623-46F1-8291-EE2247044FBA}.Release|x64.Build.0 = Release|x64
		{14BB347E-A623-46F1-8291-EE2247044FBA}.Release|x86.ActiveCfg = Release|Win32
		{14BB347E-A623-46F1-8291-EE2247044FBA}.Release|x86.Build.0 = Release|Win32
		{A3AA807C-3CE6-4265-9987-2441325319ED}.Debug|x64.ActiveCfg = Debug|x64
		{A3AA807C-3CE6-4265-9987-2441325319ED}.Debug|x64.Build.0 = Debug|x64
		{A3AA807C-3CE6-4265-9987-2441325319ED}.Debug|x86.ActiveCfg = Debug|Win32
		{A3AA807C-3CE6-4265-9987-2441325319ED}.Debug|x86.Build.0 = Debug|Win32
		{A3AA807C-3CE6-4265-9987-2441325319ED}.Release|x64.ActiveCfg = Release|x64
		{A3AA807C-3CE6-4265-9987-2441325319ED}.Release|x64.Build.0 = Release|x64
		{A3AA807C-3CE6-4265-9987-2441325319ED}.Release|x86.ActiveCfg = Release|Win32
		{A3AA807C-3CE6-4265-9987-2441325319ED}.Release|x86.Build.0 = Release|Win32
		{78EF90FE-1763-42EE-A9C2-8648B494C01B}.Debug|x64.ActiveCfg = Debug|x64
		{78EF90FE-1763-42EE-A9C2-8648B494C01B}.Debug|x64.Build.0 = Debug|x64
		{78EF90FE-1763-42EE-A9C2-8648B494C01B}.Debug|x86.ActiveCfg = Debug|Win32
		{78EF90FE-1763-42EE-A9C2-8648B494C01B}.Debug|x86.Build.0 = Debug|Win32
		{78EF90FE-1763-42EE-A9C2-8648B494C01B}.Release|x64.ActiveCfg = Release|x64
		{78EF90FE-1763-42EE-A9C2-8648B494C01B}.Release|x64.Build.0 = Release|x64
		{78EF90FE-1763-42EE-A9C2-8648B494C01B}.Release|x86.ActiveCfg = Release|Win32
		{78EF90FE-1763-42EE-A9C2-8648B494C01B}.Release|x86.Build.0 = Release|Win32
		{8DDD6B4D-060B-4208-99B2-963A21E98EF7}.Debug|x64.ActiveCfg = Debug|x64
		{8DDD6B4D-060B-4208-99B2-963A21E98EF7}.Debug|x64.Build.0 = Debug|x64
		{8DDD6B4D-060B-4208-99B2-963A21E98EF7}.Debug|x86.ActiveCfg = Debug|Win32
		{8DDD6B4D-060B-4208-99B2-963A21E98EF7}.Debug|x86.Build.0 = Debug|Win32
		{8DDD6B4D-060B-4208-99B2-963A21E98EF7}.Release|x64.ActiveCfg = Release|x64
		{8DDD6B4D-060B-4208-99B2-963A21E98EF7}.Release|x64.Build.0 = Release|x64
		{8DDD6B4D-060B-4208-99B2-963A21E98EF7}.Release|x86.ActiveCfg = Release|Win32
		{8DDD6B4D-060B-4208-99B2-963A21E98EF7}.Release|x86.Build.0 = Release|Win32
		{366C2701-3B63-4E8C-8108-F507F23F1518}.Debug|x64.ActiveCfg = Debug|x64
		{366C2701-3B63-4E8C-8108-F507F23F1518}.Debug|x64.Build.0 = Debug|x64
		{366C2701-3B63-4E8C-8108-F507F23F1518}.Debug|x86.ActiveCfg = Debug|Win32
		{366C2701-3B63-4E8C-8108-F507F23F1518}.Debug|x86.Build.0 = Debug|Win32
		{366C2701-3B63-4E8C-8108-F507F23F1518}.Release|x64.ActiveCfg = Release|x64
		{366C2701-3B63-4E8C-8108-F507F23F1518}.Release|x64.Build.0 = Release|x64
		{366C2701-3B63-4E8C-8108-F507F23F1518}.Release|x86.ActiveCfg = Release|Win32
		{366C2701-3B63-4E8C-8108-F507F23F1518}.Release|x86.Build.0 = Release|Win32
		{31C2D874-CF5A-4536-A2ED-196D7FA40065}.Debug|x64.ActiveCfg = Debug|x64
		{31C2D874-CF5A-4536-A2ED-196D7FA40065}.Debug|x64.Build.0 = Debug|x64
		{31C2D874-CF5A-4536-A2ED-196D7FA40065}.Debug|x86.ActiveCfg = Debug|Win32
		{31C2D874-CF5A-4536-A2ED-196D7FA40065}.Debug|x86.Build.0 = Debug|Win32
		{31C2D874-CF5A-4536-A2ED-196D7FA40065}.Release|x64.ActiveCfg = Release|x64
		{31C2D874-CF5A-4536-A2ED-196D7FA40065}.Release|x64.Build.0 = Release|x64
		{31C2D874-CF5A-4536-A2ED-196D7FA40065}.Release|x86.ActiveCfg = Release|Win32
		{31C2D874-CF5A-4536-A2ED-196D7FA40065}.Release|x86.Build.0 = Release|Win32
		{C06E2EEF-FD7D-4C28-BDDE-8600882C5709}.Debug|x64.ActiveCfg = Debug|x64
		{C06E2EEF-FD7D-4C28-BDDE-8600882C5709}.Debug|x64.Build.0 = Debug|x64
		{C06E2EEF-FD7D-4C28-BDDE-8600882C5709}.Debug|x86.ActiveCfg = Debug|Win32
		{C06E2EEF-FD7D-4C28-BDDE-8600882C5709}.Debug|x86.Build.0 = Debug|Win32
		{C06E2EEF-FD7D-4C28-BDDE-8600882C5709}.Release|x64.ActiveCfg = Release|x64
		{C06E2EEF-FD7D-4C28-BDDE-8600882C5709}.Release|x64.Build.0 = Release|x64
		{C06E2EEF-FD7D-4C28-BDDE-8600882C5709}.Release|x86.ActiveCfg = Release|Win32
		{C06E2EEF-FD7D-4C28-BDDE-8600882C5709}.Release|x86.Build.0 = Release|Win32
	EndGlobalSection
	GlobalSection(SolutionProperties) = preSolution
		HideSolutionNode = FALSE
	EndGlobalSection
	GlobalSection(ExtensibilityGlobals) = postSolution
		SolutionGuid = {9D3522AD-74E2-4893-82B1-9C32A3F36B11}
	EndGlobalSection
EndGlobal
