
Microsoft Visual Studio Solution File, Format Version 11.00
# Visual Studio Version 16
Project("{8BC9CEB8-8B4A-11D0-8D11-00A0C91BC942}") = "3d", "3d.vcxproj", "{7488B573-98BE-45EF-83AE-B2462B6C2238}"
EndProject
Project("{8BC9CEB8-8B4A-11D0-8D11-00A0C91BC942}") = "3d_multi", "3d_multi.vcxproj", "{39333F31-D087-4883-89B0-A715270D78EC}"
EndProject
Project("{8BC9CEB8-8B4A-11D0-8D11-00A0C91BC942}") = "event_parameter", "event_parameter.vcxproj", "{C8455EB4-683A-4AA4-98C9-B0D962068579}"
EndProject
Project("{8BC9CEB8-8B4A-11D0-8D11-00A0C91BC942}") = "load_banks", "load_banks.vcxproj", "{BEB78E93-919A-498C-B002-F357B2CDD25E}"
EndProject
Project("{8BC9CEB8-8B4A-11D0-8D11-00A0C91BC942}") = "music_callbacks", "music_callbacks.vcxproj", "{B42ACD6F-4731-43D9-BDED-587ACCF96F5D}"
EndProject
Project("{8BC9CEB8-8B4A-11D0-8D11-00A0C91BC942}") = "objectpan", "objectpan.vcxproj", "{159F6B1A-3969-4683-B090-9299AEAF5FDF}"
EndProject
Project("{8BC9CEB8-8B4A-11D0-8D11-00A0C91BC942}") = "programmer_sound", "programmer_sound.vcxproj", "{B1C9F41E-5C26-4314-B33E-FF3F477F27E5}"
EndProject
Project("{8BC9CEB8-8B4A-11D0-8D11-00A0C91BC942}") = "recording_playback", "recording_playback.vcxproj", "{C1D16A31-95A3-4497-B2A5-6B624F095B67}"
EndProject
Project("{8BC9CEB8-8B4A-11D0-8D11-00A0C91BC942}") = "simple_event", "simple_event.vcxproj", "{12FC323E-333A-452B-A5FC-973B408BB3BB}"
EndProject
Global
	GlobalSection(SolutionConfigurationPlatforms) = preSolution
		Debug|Win32 = Debug|Win32
		Debug|x64 = Debug|x64
		Release|Win32 = Release|Win32
		Release|x64 = Release|x64
	EndGlobalSection
	GlobalSection(ProjectConfigurationPlatforms) = postSolution
		{7488B573-98BE-45EF-83AE-B2462B6C2238}.Debug|Win32.ActiveCfg = Debug|Win32
		{7488B573-98BE-45EF-83AE-B2462B6C2238}.Debug|Win32.Build.0 = Debug|Win32
		{7488B573-98BE-45EF-83AE-B2462B6C2238}.Debug|Win32.Deploy.0 = Debug|Win32
		{7488B573-98BE-45EF-83AE-B2462B6C2238}.Debug|x64.ActiveCfg = Debug|x64
		{7488B573-98BE-45EF-83AE-B2462B6C2238}.Debug|x64.Build.0 = Debug|x64
		{7488B573-98BE-45EF-83AE-B2462B6C2238}.Debug|x64.Deploy.0 = Debug|x64
		{7488B573-98BE-45EF-83AE-B2462B6C2238}.Release|Win32.ActiveCfg = Release|Win32
		{7488B573-98BE-45EF-83AE-B2462B6C2238}.Release|Win32.Build.0 = Release|Win32
		{7488B573-98BE-45EF-83AE-B2462B6C2238}.Release|Win32.Deploy.0 = Release|Win32
		{7488B573-98BE-45EF-83AE-B2462B6C2238}.Release|x64.ActiveCfg = Release|x64
		{7488B573-98BE-45EF-83AE-B2462B6C2238}.Release|x64.Build.0 = Release|x64
		{7488B573-98BE-45EF-83AE-B2462B6C2238}.Release|x64.Deploy.0 = Release|x64
		{39333F31-D087-4883-89B0-A715270D78EC}.Debug|Win32.ActiveCfg = Debug|Win32
		{39333F31-D087-4883-89B0-A715270D78EC}.Debug|Win32.Build.0 = Debug|Win32
		{39333F31-D087-4883-89B0-A715270D78EC}.Debug|Win32.Deploy.0 = Debug|Win32
		{39333F31-D087-4883-89B0-A715270D78EC}.Debug|x64.ActiveCfg = Debug|x64
		{39333F31-D087-4883-89B0-A715270D78EC}.Debug|x64.Build.0 = Debug|x64
		{39333F31-D087-4883-89B0-A715270D78EC}.Debug|x64.Deploy.0 = Debug|x64
		{39333F31-D087-4883-89B0-A715270D78EC}.Release|Win32.ActiveCfg = Release|Win32
		{39333F31-D087-4883-89B0-A715270D78EC}.Release|Win32.Build.0 = Release|Win32
		{39333F31-D087-4883-89B0-A715270D78EC}.Release|Win32.Deploy.0 = Release|Win32
		{39333F31-D087-4883-89B0-A715270D78EC}.Release|x64.ActiveCfg = Release|x64
		{39333F31-D087-4883-89B0-A715270D78EC}.Release|x64.Build.0 = Release|x64
		{39333F31-D087-4883-89B0-A715270D78EC}.Release|x64.Deploy.0 = Release|x64
		{C8455EB4-683A-4AA4-98C9-B0D962068579}.Debug|Win32.ActiveCfg = Debug|Win32
		{C8455EB4-683A-4AA4-98C9-B0D962068579}.Debug|Win32.Build.0 = Debug|Win32
		{C8455EB4-683A-4AA4-98C9-B0D962068579}.Debug|Win32.Deploy.0 = Debug|Win32
		{C8455EB4-683A-4AA4-98C9-B0D962068579}.Debug|x64.ActiveCfg = Debug|x64
		{C8455EB4-683A-4AA4-98C9-B0D962068579}.Debug|x64.Build.0 = Debug|x64
		{C8455EB4-683A-4AA4-98C9-B0D962068579}.Debug|x64.Deploy.0 = Debug|x64
		{C8455EB4-683A-4AA4-98C9-B0D962068579}.Release|Win32.ActiveCfg = Release|Win32
		{C8455EB4-683A-4AA4-98C9-B0D962068579}.Release|Win32.Build.0 = Release|Win32
		{C8455EB4-683A-4AA4-98C9-B0D962068579}.Release|Win32.Deploy.0 = Release|Win32
		{C8455EB4-683A-4AA4-98C9-B0D962068579}.Release|x64.ActiveCfg = Release|x64
		{C8455EB4-683A-4AA4-98C9-B0D962068579}.Release|x64.Build.0 = Release|x64
		{C8455EB4-683A-4AA4-98C9-B0D962068579}.Release|x64.Deploy.0 = Release|x64
		{BEB78E93-919A-498C-B002-F357B2CDD25E}.Debug|Win32.ActiveCfg = Debug|Win32
		{BEB78E93-919A-498C-B002-F357B2CDD25E}.Debug|Win32.Build.0 = Debug|Win32
		{BEB78E93-919A-498C-B002-F357B2CDD25E}.Debug|Win32.Deploy.0 = Debug|Win32
		{BEB78E93-919A-498C-B002-F357B2CDD25E}.Debug|x64.ActiveCfg = Debug|x64
		{BEB78E93-919A-498C-B002-F357B2CDD25E}.Debug|x64.Build.0 = Debug|x64
		{BEB78E93-919A-498C-B002-F357B2CDD25E}.Debug|x64.Deploy.0 = Debug|x64
		{BEB78E93-919A-498C-B002-F357B2CDD25E}.Release|Win32.ActiveCfg = Release|Win32
		{BEB78E93-919A-498C-B002-F357B2CDD25E}.Release|Win32.Build.0 = Release|Win32
		{BEB78E93-919A-498C-B002-F357B2CDD25E}.Release|Win32.Deploy.0 = Release|Win32
		{BEB78E93-919A-498C-B002-F357B2CDD25E}.Release|x64.ActiveCfg = Release|x64
		{BEB78E93-919A-498C-B002-F357B2CDD25E}.Release|x64.Build.0 = Release|x64
		{BEB78E93-919A-498C-B002-F357B2CDD25E}.Release|x64.Deploy.0 = Release|x64
		{B42ACD6F-4731-43D9-BDED-587ACCF96F5D}.Debug|Win32.ActiveCfg = Debug|Win32
		{B42ACD6F-4731-43D9-BDED-587ACCF96F5D}.Debug|Win32.Build.0 = Debug|Win32
		{B42ACD6F-4731-43D9-BDED-587ACCF96F5D}.Debug|Win32.Deploy.0 = Debug|Win32
		{B42ACD6F-4731-43D9-BDED-587ACCF96F5D}.Debug|x64.ActiveCfg = Debug|x64
		{B42ACD6F-4731-43D9-BDED-587ACCF96F5D}.Debug|x64.Build.0 = Debug|x64
		{B42ACD6F-4731-43D9-BDED-587ACCF96F5D}.Debug|x64.Deploy.0 = Debug|x64
		{B42ACD6F-4731-43D9-BDED-587ACCF96F5D}.Release|Win32.ActiveCfg = Release|Win32
		{B42ACD6F-4731-43D9-BDED-587ACCF96F5D}.Release|Win32.Build.0 = Release|Win32
		{B42ACD6F-4731-43D9-BDED-587ACCF96F5D}.Release|Win32.Deploy.0 = Release|Win32
		{B42ACD6F-4731-43D9-BDED-587ACCF96F5D}.Release|x64.ActiveCfg = Release|x64
		{B42ACD6F-4731-43D9-BDED-587ACCF96F5D}.Release|x64.Build.0 = Release|x64
		{B42ACD6F-4731-43D9-BDED-587ACCF96F5D}.Release|x64.Deploy.0 = Release|x64
		{159F6B1A-3969-4683-B090-9299AEAF5FDF}.Debug|Win32.ActiveCfg = Debug|Win32
		{159F6B1A-3969-4683-B090-9299AEAF5FDF}.Debug|Win32.Build.0 = Debug|Win32
		{159F6B1A-3969-4683-B090-9299AEAF5FDF}.Debug|Win32.Deploy.0 = Debug|Win32
		{159F6B1A-3969-4683-B090-9299AEAF5FDF}.Debug|x64.ActiveCfg = Debug|x64
		{159F6B1A-3969-4683-B090-9299AEAF5FDF}.Debug|x64.Build.0 = Debug|x64
		{159F6B1A-3969-4683-B090-9299AEAF5FDF}.Debug|x64.Deploy.0 = Debug|x64
		{159F6B1A-3969-4683-B090-9299AEAF5FDF}.Release|Win32.ActiveCfg = Release|Win32
		{159F6B1A-3969-4683-B090-9299AEAF5FDF}.Release|Win32.Build.0 = Release|Win32
		{159F6B1A-3969-4683-B090-9299AEAF5FDF}.Release|Win32.Deploy.0 = Release|Win32
		{159F6B1A-3969-4683-B090-9299AEAF5FDF}.Release|x64.ActiveCfg = Release|x64
		{159F6B1A-3969-4683-B090-9299AEAF5FDF}.Release|x64.Build.0 = Release|x64
		{159F6B1A-3969-4683-B090-9299AEAF5FDF}.Release|x64.Deploy.0 = Release|x64
		{B1C9F41E-5C26-4314-B33E-FF3F477F27E5}.Debug|Win32.ActiveCfg = Debug|Win32
		{B1C9F41E-5C26-4314-B33E-FF3F477F27E5}.Debug|Win32.Build.0 = Debug|Win32
		{B1C9F41E-5C26-4314-B33E-FF3F477F27E5}.Debug|Win32.Deploy.0 = Debug|Win32
		{B1C9F41E-5C26-4314-B33E-FF3F477F27E5}.Debug|x64.ActiveCfg = Debug|x64
		{B1C9F41E-5C26-4314-B33E-FF3F477F27E5}.Debug|x64.Build.0 = Debug|x64
		{B1C9F41E-5C26-4314-B33E-FF3F477F27E5}.Debug|x64.Deploy.0 = Debug|x64
		{B1C9F41E-5C26-4314-B33E-FF3F477F27E5}.Release|Win32.ActiveCfg = Release|Win32
		{B1C9F41E-5C26-4314-B33E-FF3F477F27E5}.Release|Win32.Build.0 = Release|Win32
		{B1C9F41E-5C26-4314-B33E-FF3F477F27E5}.Release|Win32.Deploy.0 = Release|Win32
		{B1C9F41E-5C26-4314-B33E-FF3F477F27E5}.Release|x64.ActiveCfg = Release|x64
		{B1C9F41E-5C26-4314-B33E-FF3F477F27E5}.Release|x64.Build.0 = Release|x64
		{B1C9F41E-5C26-4314-B33E-FF3F477F27E5}.Release|x64.Deploy.0 = Release|x64
		{C1D16A31-95A3-4497-B2A5-6B624F095B67}.Debug|Win32.ActiveCfg = Debug|Win32
		{C1D16A31-95A3-4497-B2A5-6B624F095B67}.Debug|Win32.Build.0 = Debug|Win32
		{C1D16A31-95A3-4497-B2A5-6B624F095B67}.Debug|Win32.Deploy.0 = Debug|Win32
		{C1D16A31-95A3-4497-B2A5-6B624F095B67}.Debug|x64.ActiveCfg = Debug|x64
		{C1D16A31-95A3-4497-B2A5-6B624F095B67}.Debug|x64.Build.0 = Debug|x64
		{C1D16A31-95A3-4497-B2A5-6B624F095B67}.Debug|x64.Deploy.0 = Debug|x64
		{C1D16A31-95A3-4497-B2A5-6B624F095B67}.Release|Win32.ActiveCfg = Release|Win32
		{C1D16A31-95A3-4497-B2A5-6B624F095B67}.Release|Win32.Build.0 = Release|Win32
		{C1D16A31-95A3-4497-B2A5-6B624F095B67}.Release|Win32.Deploy.0 = Release|Win32
		{C1D16A31-95A3-4497-B2A5-6B624F095B67}.Release|x64.ActiveCfg = Release|x64
		{C1D16A31-95A3-4497-B2A5-6B624F095B67}.Release|x64.Build.0 = Release|x64
		{C1D16A31-95A3-4497-B2A5-6B624F095B67}.Release|x64.Deploy.0 = Release|x64
		{12FC323E-333A-452B-A5FC-973B408BB3BB}.Debug|Win32.ActiveCfg = Debug|Win32
		{12FC323E-333A-452B-A5FC-973B408BB3BB}.Debug|Win32.Build.0 = Debug|Win32
		{12FC323E-333A-452B-A5FC-973B408BB3BB}.Debug|Win32.Deploy.0 = Debug|Win32
		{12FC323E-333A-452B-A5FC-973B408BB3BB}.Debug|x64.ActiveCfg = Debug|x64
		{12FC323E-333A-452B-A5FC-973B408BB3BB}.Debug|x64.Build.0 = Debug|x64
		{12FC323E-333A-452B-A5FC-973B408BB3BB}.Debug|x64.Deploy.0 = Debug|x64
		{12FC323E-333A-452B-A5FC-973B408BB3BB}.Release|Win32.ActiveCfg = Release|Win32
		{12FC323E-333A-452B-A5FC-973B408BB3BB}.Release|Win32.Build.0 = Release|Win32
		{12FC323E-333A-452B-A5FC-973B408BB3BB}.Release|Win32.Deploy.0 = Release|Win32
		{12FC323E-333A-452B-A5FC-973B408BB3BB}.Release|x64.ActiveCfg = Release|x64
		{12FC323E-333A-452B-A5FC-973B408BB3BB}.Release|x64.Build.0 = Release|x64
		{12FC323E-333A-452B-A5FC-973B408BB3BB}.Release|x64.Deploy.0 = Release|x64
	EndGlobalSection
	GlobalSection(SolutionProperties) = preSolution
		HideSolutionNode = FALSE
	EndGlobalSection
EndGlobal
