<?xml version="1.0" encoding="utf-8"?>
<Project ToolsVersion="4.0" xmlns="http://schemas.microsoft.com/developer/msbuild/2003">
  <ItemGroup>
    <Filter Include="Source Files">
      <UniqueIdentifier>{4FC737F1-C7A5-4376-A066-2A32D752A2FF}</UniqueIdentifier>
      <Extensions>cpp;c;cc;cxx;c++;cppm;ixx;def;odl;idl;hpj;bat;asm;asmx</Extensions>
    </Filter>
    <Filter Include="Header Files">
      <UniqueIdentifier>{93995380-89BD-4b04-88EB-625FBE52EBFB}</UniqueIdentifier>
      <Extensions>h;hh;hpp;hxx;h++;hm;inl;inc;ipp;xsd</Extensions>
    </Filter>
    <Filter Include="Resource Files">
      <UniqueIdentifier>{67DA6AB6-F800-4c08-8B7A-83BB121AAD01}</UniqueIdentifier>
      <Extensions>rc;ico;cur;bmp;dlg;rc2;rct;bin;rgs;gif;jpg;jpeg;jpe;resx;tiff;tif;png;wav;mfcribbon-ms</Extensions>
    </Filter>
    <Filter Include="Demo">
      <UniqueIdentifier>{e9da397c-74ba-4f1e-ac9e-02f4f8971916}</UniqueIdentifier>
    </Filter>
    <Filter Include="ImGui">
      <UniqueIdentifier>{1088410d-20ba-4d59-be82-8d317cc405a9}</UniqueIdentifier>
    </Filter>
    <Filter Include="Shaders">
      <UniqueIdentifier>{2f276e93-189c-4ff8-8bbf-c4d43895d99d}</UniqueIdentifier>
    </Filter>
  </ItemGroup>
  <ItemGroup>
    <ClCompile Include="source\Math.cpp">
      <Filter>Source Files</Filter>
    </ClCompile>
    <ClCompile Include="source\OpenGl.cpp">
      <Filter>Source Files</Filter>
    </ClCompile>
    <ClCompile Include="source\Random.cpp">
      <Filter>Source Files</Filter>
    </ClCompile>
    <ClCompile Include="source\Shader.cpp">
      <Filter>Source Files</Filter>
    </ClCompile>
    <ClCompile Include="source\Shapes.cpp">
      <Filter>Source Files</Filter>
    </ClCompile>
    <ClCompile Include="source\Vao.cpp">
      <Filter>Source Files</Filter>
    </ClCompile>
    <ClCompile Include="source\Vbo.cpp">
      <Filter>Source Files</Filter>
    </ClCompile>
    <ClCompile Include="source\Window.cpp">
      <Filter>Source Files</Filter>
    </ClCompile>
    <ClCompile Include="source\Camera.cpp">
      <Filter>Source Files</Filter>
    </ClCompile>
    <ClCompile Include="source\DebugRenderer.cpp">
      <Filter>Source Files</Filter>
    </ClCompile>
    <ClCompile Include="demo\main.cpp">
      <Filter>Demo</Filter>
    </ClCompile>
    <ClCompile Include="demo\DemoScene.cpp">
      <Filter>Demo</Filter>
    </ClCompile>
    <ClCompile Include="demo\ImGui.cpp">
      <Filter>Demo</Filter>
    </ClCompile>
    <ClCompile Include="..\lib\IMGUI\imgui_demo.cpp">
      <Filter>ImGui</Filter>
    </ClCompile>
    <ClCompile Include="..\lib\IMGUI\imgui_draw.cpp">
      <Filter>ImGui</Filter>
    </ClCompile>
    <ClCompile Include="..\lib\IMGUI\imgui_tables.cpp">
      <Filter>ImGui</Filter>
    </ClCompile>
    <ClCompile Include="..\lib\IMGUI\imgui_widgets.cpp">
      <Filter>ImGui</Filter>
    </ClCompile>
    <ClCompile Include="..\lib\IMGUI\imgui.cpp">
      <Filter>ImGui</Filter>
    </ClCompile>
    <ClCompile Include="..\lib\IMGUI\misc\cpp\imgui_stdlib.cpp">
      <Filter>ImGui</Filter>
    </ClCompile>
    <ClCompile Include="..\lib\IMGUI\backends\imgui_impl_glfw.cpp">
      <Filter>ImGui</Filter>
    </ClCompile>
    <ClCompile Include="..\lib\IMGUI\backends\imgui_impl_opengl3.cpp">
      <Filter>ImGui</Filter>
    </ClCompile>
    <ClCompile Include="source\Mesh.cpp">
      <Filter>Source Files</Filter>
    </ClCompile>
    <ClCompile Include="source\Renderer.cpp">
      <Filter>Source Files</Filter>
    </ClCompile>
    <ClCompile Include="..\_GEOM_COMPILER\src\geom.cpp">
      <Filter>Source Files</Filter>
    </ClCompile>
    <ClCompile Include="source\Texture.cpp">
      <Filter>Source Files</Filter>
    </ClCompile>
    <ClCompile Include="source\Fbo.cpp">
      <Filter>Source Files</Filter>
    </ClCompile>
    <ClCompile Include="source\Animator.cpp">
      <Filter>Source Files</Filter>
    </ClCompile>
    <ClCompile Include="..\_GEOM_COMPILER\src\Bone.cpp">
      <Filter>Source Files</Filter>
    </ClCompile>
  </ItemGroup>
  <ItemGroup>
    <ClInclude Include="demo\ImGui.hpp">
      <Filter>Demo</Filter>
    </ClInclude>
    <ClInclude Include="demo\DemoScene.hpp">
      <Filter>Demo</Filter>
    </ClInclude>
    <ClInclude Include="include\Common.hpp">
      <Filter>Header Files</Filter>
    </ClInclude>
    <ClInclude Include="..\_GEOM_COMPILER\include\geom.h">
      <Filter>Source Files</Filter>
    </ClInclude>
    <ClInclude Include="include\Camera.hpp">
      <Filter>Header Files</Filter>
    </ClInclude>
    <ClInclude Include="include\DebugRenderer.hpp">
      <Filter>Header Files</Filter>
    </ClInclude>
    <ClInclude Include="include\Math.hpp">
      <Filter>Header Files</Filter>
    </ClInclude>
    <ClInclude Include="include\Mesh.hpp">
      <Filter>Header Files</Filter>
    </ClInclude>
    <ClInclude Include="include\OpenGl.hpp">
      <Filter>Header Files</Filter>
    </ClInclude>
    <ClInclude Include="include\Random.hpp">
      <Filter>Header Files</Filter>
    </ClInclude>
    <ClInclude Include="include\Renderer.hpp">
      <Filter>Header Files</Filter>
    </ClInclude>
    <ClInclude Include="include\Shader.hpp">
      <Filter>Header Files</Filter>
    </ClInclude>
    <ClInclude Include="include\Shapes.hpp">
      <Filter>Header Files</Filter>
    </ClInclude>
    <ClInclude Include="include\Texture.hpp">
      <Filter>Header Files</Filter>
    </ClInclude>
    <ClInclude Include="include\Vao.hpp">
      <Filter>Header Files</Filter>
    </ClInclude>
    <ClInclude Include="include\Vbo.hpp">
      <Filter>Header Files</Filter>
    </ClInclude>
    <ClInclude Include="include\Window.hpp">
      <Filter>Header Files</Filter>
    </ClInclude>
    <ClInclude Include="include\Fbo.hpp">
      <Filter>Header Files</Filter>
    </ClInclude>
    <ClInclude Include="include\Animator.hpp">
      <Filter>Header Files</Filter>
    </ClInclude>
    <ClInclude Include="..\_GEOM_COMPILER\include\Bone.h">
      <Filter>Header Files</Filter>
    </ClInclude>
    <ClInclude Include="include\GraphicsSystem.hpp">
      <Filter>Header Files</Filter>
    </ClInclude>
  </ItemGroup>
  <ItemGroup>
    <None Include="shader_files\draw_frag.glsl">
      <Filter>Shaders</Filter>
    </None>
    <None Include="shader_files\draw_vert.glsl">
      <Filter>Shaders</Filter>
    </None>
    <None Include="shader_files\pointLight_frag.glsl" />
    <None Include="shader_files\pointLight_vert.glsl" />
  </ItemGroup>
</Project>